PODS:
  - DDPhotoBrowser (2.0.1)
  - SDWebImage (5.9.4):
    - SDWebImage/Core (= 5.9.4)
  - SDWebImage/Core (5.9.4)

DEPENDENCIES:
  - DDPhotoBrowser (from `../`)
  - SDWebImage (~> 5.0)

SPEC REPOS:
  trunk:
    - SDWebImage

EXTERNAL SOURCES:
  DDPhotoBrowser:
    :path: "../"

SPEC CHECKSUMS:
  DDPhotoBrowser: 30c614341c8505c1fe57f02b3e7d4387b576d904
  SDWebImage: b69257f4ab14e9b6a2ef53e910fdf914d8f757c1

PODFILE CHECKSUM: ba8118c1757755f898aab99a2ea72db99a34e4e6

COCOAPODS: 1.10.0
