PODS:
  - DDPhotoBrowser (2.0.0)
  - SDWebImage (5.9.3):
    - SDWebImage/Core (= 5.9.3)
  - SDWebImage/Core (5.9.3)

DEPENDENCIES:
  - DDPhotoBrowser (from `../`)
  - SDWebImage (~> 5.0)

SPEC REPOS:
  trunk:
    - SDWebImage

EXTERNAL SOURCES:
  DDPhotoBrowser:
    :path: "../"

SPEC CHECKSUMS:
  DDPhotoBrowser: 690a9be905152b18b548b308d9fcbaee8fad000f
  SDWebImage: a31ee8e90a97303529e03fb0c333eae0eacb88e9

PODFILE CHECKSUM: ba8118c1757755f898aab99a2ea72db99a34e4e6

COCOAPODS: 1.10.0
